
Microsoft Visual Studio Solution File, Format Version 12.00
# Visual Studio Version 18
VisualStudioVersion = 18.0.11222.15
MinimumVisualStudioVersion = 10.0.40219.1
Project("{FAE04EC0-301F-11D3-BF4B-00C04F79EFBC}") = "WEB_353505_Horoshko", "WEB_353505_Horoshko\WEB_353505_Horoshko.csproj", "{AD83ADB3-F1FE-419F-8AC9-71C20427E3A0}"
EndProject
Project("{FAE04EC0-301F-11D3-BF4B-00C04F79EFBC}") = "WEB_353505_Horoshko.Domain", "WEB_353505_Horoshko.Domain\WEB_353505_Horoshko.Domain.csproj", "{E7A3C672-FC91-4951-A7F0-60A6CA5369FC}"
EndProject
Project("{FAE04EC0-301F-11D3-BF4B-00C04F79EFBC}") = "WEB_353505_Horoshko.API", "WEB_353505_Horoshko.API\WEB_353505_Horoshko.API.csproj", "{F54E6B5F-E5B2-4DD0-97EE-C27B7088AB78}"
EndProject
Global
	GlobalSection(SolutionConfigurationPlatforms) = preSolution
		Debug|Any CPU = Debug|Any CPU
		Release|Any CPU = Release|Any CPU
	EndGlobalSection
	GlobalSection(ProjectConfigurationPlatforms) = postSolution
		{AD83ADB3-F1FE-419F-8AC9-71C20427E3A0}.Debug|Any CPU.ActiveCfg = Debug|Any CPU
		{AD83ADB3-F1FE-419F-8AC9-71C20427E3A0}.Debug|Any CPU.Build.0 = Debug|Any CPU
		{AD83ADB3-F1FE-419F-8AC9-71C20427E3A0}.Release|Any CPU.ActiveCfg = Release|Any CPU
		{AD83ADB3-F1FE-419F-8AC9-71C20427E3A0}.Release|Any CPU.Build.0 = Release|Any CPU
		{E7A3C672-FC91-4951-A7F0-60A6CA5369FC}.Debug|Any CPU.ActiveCfg = Debug|Any CPU
		{E7A3C672-FC91-4951-A7F0-60A6CA5369FC}.Debug|Any CPU.Build.0 = Debug|Any CPU
		{E7A3C672-FC91-4951-A7F0-60A6CA5369FC}.Release|Any CPU.ActiveCfg = Release|Any CPU
		{E7A3C672-FC91-4951-A7F0-60A6CA5369FC}.Release|Any CPU.Build.0 = Release|Any CPU
		{F54E6B5F-E5B2-4DD0-97EE-C27B7088AB78}.Debug|Any CPU.ActiveCfg = Debug|Any CPU
		{F54E6B5F-E5B2-4DD0-97EE-C27B7088AB78}.Debug|Any CPU.Build.0 = Debug|Any CPU
		{F54E6B5F-E5B2-4DD0-97EE-C27B7088AB78}.Release|Any CPU.ActiveCfg = Release|Any CPU
		{F54E6B5F-E5B2-4DD0-97EE-C27B7088AB78}.Release|Any CPU.Build.0 = Release|Any CPU
	EndGlobalSection
	GlobalSection(SolutionProperties) = preSolution
		HideSolutionNode = FALSE
	EndGlobalSection
	GlobalSection(ExtensibilityGlobals) = postSolution
		SolutionGuid = {7191DD3F-C3EE-4391-8A0B-EDC4AD570791}
	EndGlobalSection
EndGlobal
